
Microsoft Visual Studio Solution File, Format Version 12.00
# Visual Studio Version 17
VisualStudioVersion = 17.13.35617.110 d17.13
MinimumVisualStudioVersion = 10.0.40219.1
Project("{FAE04EC0-301F-11D3-BF4B-00C04F79EFBC}") = "GoTogether", "GoTogether\GoTogether.csproj", "{AEE01E2B-F24B-408D-8CFD-84BCC2E32439}"
EndProject
Project("{2150E333-8FDC-42A3-9474-1A3956D46DE8}") = "Solution Items", "Solution Items", "{409C3694-8352-4958-9AF1-12ED8E51A768}"
	ProjectSection(SolutionItems) = preProject
		compose.yaml = compose.yaml
	EndProjectSection
EndProject
Global
	GlobalSection(SolutionConfigurationPlatforms) = preSolution
		Debug|Any CPU = Debug|Any CPU
		Release|Any CPU = Release|Any CPU
	EndGlobalSection
	GlobalSection(ProjectConfigurationPlatforms) = postSolution
		{AEE01E2B-F24B-408D-8CFD-84BCC2E32439}.Debug|Any CPU.ActiveCfg = Debug|Any CPU
		{AEE01E2B-F24B-408D-8CFD-84BCC2E32439}.Debug|Any CPU.Build.0 = Debug|Any CPU
		{AEE01E2B-F24B-408D-8CFD-84BCC2E32439}.Release|Any CPU.ActiveCfg = Release|Any CPU
		{AEE01E2B-F24B-408D-8CFD-84BCC2E32439}.Release|Any CPU.Build.0 = Release|Any CPU
	EndGlobalSection
	GlobalSection(SolutionProperties) = preSolution
		HideSolutionNode = FALSE
	EndGlobalSection
	GlobalSection(ExtensibilityGlobals) = postSolution
		SolutionGuid = {42AF0453-C17E-4C3E-BF23-6FB17CB643F5}
	EndGlobalSection
EndGlobal
